
Microsoft Visual Studio Solution File, Format Version 12.00
# Visual Studio 14
VisualStudioVersion = 14.0.23107.0
MinimumVisualStudioVersion = 10.0.40219.1
Project("{FAE04EC0-301F-11D3-BF4B-00C04F79EFBC}") = "Util.Core", "Util.Core\Util.Core.csproj", "{3598B7C6-FB59-4348-9C95-66FB48FFF380}"
EndProject
Project("{2150E333-8FDC-42A3-9474-1A3956D46DE8}") = "01-Core", "01-Core", "{D711C35F-710D-481C-B60C-C70D22F019D3}"
EndProject
Project("{2150E333-8FDC-42A3-9474-1A3956D46DE8}") = "18-Tests", "18-Tests", "{E62A5474-835F-4F3F-97BE-79DABF57FC52}"
EndProject
Project("{2150E333-8FDC-42A3-9474-1A3956D46DE8}") = "01-UnitTest", "01-UnitTest", "{57CCE9E1-D9BD-4853-B64D-DCAA5B93005B}"
EndProject
Project("{2150E333-8FDC-42A3-9474-1A3956D46DE8}") = "02-Ioc", "02-Ioc", "{4B719A8A-1264-4ACE-9605-B0E75460FAB2}"
EndProject
Project("{FAE04EC0-301F-11D3-BF4B-00C04F79EFBC}") = "Util.DI.Autofac", "Util.DI.Autofac\Util.DI.Autofac.csproj", "{7DBE459D-5563-4DB7-AD8E-E658B867D894}"
EndProject
Project("{FAE04EC0-301F-11D3-BF4B-00C04F79EFBC}") = "Util.DI.Mef", "Util.DI.Mef\Util.DI.Mef.csproj", "{8BED3FD3-FAEA-43E3-A40D-D5EA3C1E2627}"
EndProject
Project("{FAE04EC0-301F-11D3-BF4B-00C04F79EFBC}") = "Util.DI.NInject", "Util.DI.NInject\Util.DI.NInject.csproj", "{596E3149-8E08-4B6C-BA91-AC46EA224D28}"
EndProject
Project("{2150E333-8FDC-42A3-9474-1A3956D46DE8}") = "02-IntegrationTest", "02-IntegrationTest", "{2F0A67DA-6361-4213-BA2F-B3AC1ED86C50}"
EndProject
Project("{2150E333-8FDC-42A3-9474-1A3956D46DE8}") = "05-Images", "05-Images", "{02FDC3A7-3548-43BE-B088-11A9A4129260}"
EndProject
Project("{FAE04EC0-301F-11D3-BF4B-00C04F79EFBC}") = "Util.Images", "Util.Images\Util.Images.csproj", "{2E4DC082-B8F3-4CC1-B4B1-4F8A3A88B597}"
EndProject
Project("{2150E333-8FDC-42A3-9474-1A3956D46DE8}") = "03-Maps", "03-Maps", "{E7184990-5B53-418A-9719-3D263F363AD6}"
EndProject
Project("{2150E333-8FDC-42A3-9474-1A3956D46DE8}") = "04-Templates", "04-Templates", "{C6FDC1AA-2B30-4BA0-9622-90F27B049EA1}"
EndProject
Project("{2150E333-8FDC-42A3-9474-1A3956D46DE8}") = "02-Ioc", "02-Ioc", "{24810098-21C7-440A-AC76-38CD365CC8C8}"
EndProject
Project("{2150E333-8FDC-42A3-9474-1A3956D46DE8}") = "03-Maps", "03-Maps", "{0C12AA8F-D122-4BFD-B396-AAF57A5895EE}"
EndProject
Project("{FAE04EC0-301F-11D3-BF4B-00C04F79EFBC}") = "Util.Maps.AutoMapper", "Util.Maps.AutoMapper\Util.Maps.AutoMapper.csproj", "{607C150B-E561-425E-A407-8768B6381331}"
EndProject
Project("{FAE04EC0-301F-11D3-BF4B-00C04F79EFBC}") = "Util.Maps.EmitMapper", "Util.Maps.EmitMapper\Util.Maps.EmitMapper.csproj", "{E5EE2EA8-08E5-447C-83F2-152AE05762FF}"
EndProject
Project("{2150E333-8FDC-42A3-9474-1A3956D46DE8}") = "01-Core", "01-Core", "{9E58AE6C-88DB-4EE5-80F5-BE2561242A55}"
EndProject
Project("{2150E333-8FDC-42A3-9474-1A3956D46DE8}") = "06-Json", "06-Json", "{4BF12E57-A59E-4EC1-A183-08C56D618165}"
EndProject
Project("{FAE04EC0-301F-11D3-BF4B-00C04F79EFBC}") = "Util.Json", "Util.Json\Util.Json.csproj", "{EEEA67F9-9089-481D-A4DC-0966DEC9FD7D}"
EndProject
Project("{2150E333-8FDC-42A3-9474-1A3956D46DE8}") = "07-Compress", "07-Compress", "{095A65A9-841C-4B7F-BC2F-9E588C670314}"
EndProject
Project("{FAE04EC0-301F-11D3-BF4B-00C04F79EFBC}") = "Util.Compress", "Util.Compress\Util.Compress.csproj", "{13C8DCF5-39F9-4D85-87B9-12B7968DF94E}"
EndProject
Project("{FAE04EC0-301F-11D3-BF4B-00C04F79EFBC}") = "Util.Core.Tests", "Util.Core.Tests\Util.Core.Tests.csproj", "{C5486D02-CC20-4515-A423-F06CD1A336AA}"
EndProject
Project("{FAE04EC0-301F-11D3-BF4B-00C04F79EFBC}") = "Util.DI.Autofac.Tests", "Util.DI.Autofac.Tests\Util.DI.Autofac.Tests.csproj", "{38053FE6-BD39-4958-B4B5-06A346FDC064}"
EndProject
Project("{FAE04EC0-301F-11D3-BF4B-00C04F79EFBC}") = "Util.DI.Mef.Tests", "Util.DI.Mef.Tests\Util.DI.Mef.Tests.csproj", "{6D5DD1F8-39FE-4EEA-9F8A-A16F59135435}"
EndProject
Project("{FAE04EC0-301F-11D3-BF4B-00C04F79EFBC}") = "Util.DI.NInject.Tests", "Util.DI.NInject.Tests\Util.DI.NInject.Tests.csproj", "{8A60AEEC-F1B0-40DB-81E0-AEEA028CAA48}"
EndProject
Project("{FAE04EC0-301F-11D3-BF4B-00C04F79EFBC}") = "Util.Tests.Integration", "Util.Tests.Integration\Util.Tests.Integration.csproj", "{0A8612A3-BF25-4F52-B4EB-3E93436C8F59}"
EndProject
Project("{FAE04EC0-301F-11D3-BF4B-00C04F79EFBC}") = "Util.Images.Tests.Integration", "Util.Images.Tests.Integration\Util.Images.Tests.Integration.csproj", "{7F289284-7740-4CC2-9FCB-1747FBBC9A30}"
EndProject
Project("{2150E333-8FDC-42A3-9474-1A3956D46DE8}") = "08-Security", "08-Security", "{1A693938-5488-40E5-81BE-D21526F74D5E}"
EndProject
Project("{FAE04EC0-301F-11D3-BF4B-00C04F79EFBC}") = "Util.Security", "Util.Security\Util.Security.csproj", "{64A4E83C-B621-4A9C-8CE0-273ADDFB2A5C}"
EndProject
Project("{2150E333-8FDC-42A3-9474-1A3956D46DE8}") = "04-Domains", "04-Domains", "{65993DFB-E13F-45DB-86FC-94B1E7F6D469}"
EndProject
Project("{FAE04EC0-301F-11D3-BF4B-00C04F79EFBC}") = "Util.Security.Tests", "Util.Security.Tests\Util.Security.Tests.csproj", "{ECDBF35A-585A-40A8-8139-A68448A3119B}"
EndProject
Project("{2150E333-8FDC-42A3-9474-1A3956D46DE8}") = "09-Logs", "09-Logs", "{04389B28-5300-4902-A6E6-62B90E6B8BEC}"
EndProject
Project("{FAE04EC0-301F-11D3-BF4B-00C04F79EFBC}") = "Util.Logs.Log4", "Util.Logs.Log4\Util.Logs.Log4.csproj", "{B3511358-3AB3-46C3-B747-787A1383A4E8}"
EndProject
Project("{2150E333-8FDC-42A3-9474-1A3956D46DE8}") = "10-Domains", "10-Domains", "{4230754D-60BE-4419-A209-C6117E8410A5}"
EndProject
Project("{FAE04EC0-301F-11D3-BF4B-00C04F79EFBC}") = "Util.Domains", "Util.Domains\Util.Domains.csproj", "{CDC1AD6E-C610-4BC4-AC3F-A4D405B48D94}"
EndProject
Project("{FAE04EC0-301F-11D3-BF4B-00C04F79EFBC}") = "Util.ApplicationServices", "Util.ApplicationServices\Util.ApplicationServices.csproj", "{74C54B8A-CF80-4A00-806A-908F948D10E9}"
EndProject
Project("{FAE04EC0-301F-11D3-BF4B-00C04F79EFBC}") = "Util.Domains.Tests", "Util.Domains.Tests\Util.Domains.Tests.csproj", "{5AE2A062-05DF-44E5-9CCA-E930AF7E3B58}"
EndProject
Project("{2150E333-8FDC-42A3-9474-1A3956D46DE8}") = "14-Services", "14-Services", "{93D4A92B-D485-41B1-A1C7-C60B919EF7D4}"
EndProject
Project("{FAE04EC0-301F-11D3-BF4B-00C04F79EFBC}") = "Util.Wcfs", "Util.Wcfs\Util.Wcfs.csproj", "{30FE2DFE-2661-4C36-B04C-66E5995AA5F8}"
EndProject
Project("{2150E333-8FDC-42A3-9474-1A3956D46DE8}") = "11-Datas", "11-Datas", "{F989DB75-297E-41C9-B499-2E97E9A2FC27}"
EndProject
Project("{2150E333-8FDC-42A3-9474-1A3956D46DE8}") = "19-Document", "19-Document", "{448BFFFA-7DDB-4AAD-A36D-96678B6DE32C}"
EndProject
Project("{FAE04EC0-301F-11D3-BF4B-00C04F79EFBC}") = "Util.Datas.Document", "Util.Datas.Document\Util.Datas.Document.csproj", "{57E5453A-A851-44E9-97FD-0D7F71505DA0}"
EndProject
Project("{FAE04EC0-301F-11D3-BF4B-00C04F79EFBC}") = "01-Util.Datas", "Util.Datas\01-Util.Datas.csproj", "{1A0C14BE-C430-46C4-916F-54B726774D00}"
EndProject
Project("{FAE04EC0-301F-11D3-BF4B-00C04F79EFBC}") = "02-Util.Datas.Sql", "Util.Datas.Sql\02-Util.Datas.Sql.csproj", "{F43F7230-2CF2-4F5D-A668-A116771A6E2C}"
EndProject
Project("{FAE04EC0-301F-11D3-BF4B-00C04F79EFBC}") = "03-Util.Datas.Ef", "Util.Datas.Ef\03-Util.Datas.Ef.csproj", "{1E9C5E64-1D98-4214-B107-96054BBC1C69}"
EndProject
Project("{FAE04EC0-301F-11D3-BF4B-00C04F79EFBC}") = "04-Util.Datas.SqlServer", "Util.Datas.SqlServer\04-Util.Datas.SqlServer.csproj", "{EF0514A0-339C-4846-A3D6-5F41F3C2DC31}"
EndProject
Project("{2150E333-8FDC-42A3-9474-1A3956D46DE8}") = "12-NoSql", "12-NoSql", "{444657FC-E9F2-4A20-A52E-EB55C488F094}"
EndProject
Project("{2150E333-8FDC-42A3-9474-1A3956D46DE8}") = "13-Cache", "13-Cache", "{BF00DD48-4BF3-42B7-A1F2-CA1C208E1F26}"
EndProject
Project("{2150E333-8FDC-42A3-9474-1A3956D46DE8}") = "05-Datas", "05-Datas", "{B4771A4B-2F1D-4D28-9C8A-152119793148}"
EndProject
Project("{FAE04EC0-301F-11D3-BF4B-00C04F79EFBC}") = "Util.Datas.Tests", "Util.Datas.Tests\Util.Datas.Tests.csproj", "{665152B8-3187-4DD6-880F-399CA8706525}"
EndProject
Project("{FAE04EC0-301F-11D3-BF4B-00C04F79EFBC}") = "Util.Datas.Ef.SqlServer.Tests.Integration", "Util.Datas.Ef.SqlServer.Tests.Integration\Util.Datas.Ef.SqlServer.Tests.Integration.csproj", "{47CD4469-A809-4AD9-9647-3DF6DD3C6F72}"
EndProject
Project("{2150E333-8FDC-42A3-9474-1A3956D46DE8}") = "15-Webs", "15-Webs", "{D3CA83FC-F4B4-44AE-BB11-4B4E6734DF1A}"
EndProject
Project("{FAE04EC0-301F-11D3-BF4B-00C04F79EFBC}") = "Util.Webs", "Util.Webs\Util.Webs.csproj", "{E900666E-35D9-4BCE-9335-16E34458FD92}"
EndProject
Project("{FAE04EC0-301F-11D3-BF4B-00C04F79EFBC}") = "Util.Webs.EasyUi", "Util.Webs.EasyUi\Util.Webs.EasyUi.csproj", "{EE2841EF-79D9-43B6-AA04-1E2EDC44B406}"
EndProject
Project("{FAE04EC0-301F-11D3-BF4B-00C04F79EFBC}") = "Util.Webs.Ext", "Util.Webs.Ext\Util.Webs.Ext.csproj", "{DAB3F79D-EDFD-4D3D-98B1-89AF96FCE8BA}"
EndProject
Project("{2150E333-8FDC-42A3-9474-1A3956D46DE8}") = "17-Charts", "17-Charts", "{2808A481-D0B2-4F74-915F-40F8F84A042F}"
EndProject
Project("{2150E333-8FDC-42A3-9474-1A3956D46DE8}") = "07-Webs", "07-Webs", "{BD85F1B7-F7B4-45F2-8DA8-AA3CC24F4B6B}"
EndProject
Project("{FAE04EC0-301F-11D3-BF4B-00C04F79EFBC}") = "Util.Webs.Tests", "Util.Webs.Tests\Util.Webs.Tests.csproj", "{E6B384DF-560E-40BA-902E-F810E60EC6D3}"
EndProject
Project("{FAE04EC0-301F-11D3-BF4B-00C04F79EFBC}") = "Util.Webs.EasyUi.Tests", "Util.Webs.EasyUi.Tests\Util.Webs.EasyUi.Tests.csproj", "{F9572741-1C06-470A-8617-A5542E70DB17}"
EndProject
Project("{FAE04EC0-301F-11D3-BF4B-00C04F79EFBC}") = "Util.Webs.Ext.Tests", "Util.Webs.Ext.Tests\Util.Webs.Ext.Tests.csproj", "{0282B9C1-1CBA-4CBA-A5FF-543D9AB54FBA}"
EndProject
Project("{FAE04EC0-301F-11D3-BF4B-00C04F79EFBC}") = "Util.Maps.AutoMapper.Tests", "Util.Maps.AutoMapper.Tests\Util.Maps.AutoMapper.Tests.csproj", "{33BA2F7C-73BE-466B-A7B7-B14D6FA81F63}"
EndProject
Project("{FAE04EC0-301F-11D3-BF4B-00C04F79EFBC}") = "Util.Maps.EmitMapper.Tests", "Util.Maps.EmitMapper.Tests\Util.Maps.EmitMapper.Tests.csproj", "{9789A995-3A9D-47DF-BD4C-4E37080671DB}"
EndProject
Project("{2150E333-8FDC-42A3-9474-1A3956D46DE8}") = "06-Services", "06-Services", "{76F38716-3C35-4572-8995-C8ABB689BC48}"
EndProject
Project("{FAE04EC0-301F-11D3-BF4B-00C04F79EFBC}") = "Util.ApplicationServices.Tests", "Util.ApplicationServices.Tests\Util.ApplicationServices.Tests.csproj", "{132779CB-65BA-4F4C-96B5-5AC5A3A8CD50}"
EndProject
Project("{2150E333-8FDC-42A3-9474-1A3956D46DE8}") = "16-Uploaders", "16-Uploaders", "{C16F7EFC-B9B9-4C4F-9EB4-26F8A3609FD4}"
EndProject
Project("{FAE04EC0-301F-11D3-BF4B-00C04F79EFBC}") = "Util.Uploaders.WebUploader", "Util.Uploaders.WebUploader\Util.Uploaders.WebUploader.csproj", "{4B2208D0-7974-474D-98CC-A1F294B7883A}"
EndProject
Project("{2150E333-8FDC-42A3-9474-1A3956D46DE8}") = "08-Uploaders", "08-Uploaders", "{3A814740-2062-496C-9C0F-45AACD1C9434}"
EndProject
Project("{FAE04EC0-301F-11D3-BF4B-00C04F79EFBC}") = "Util.Uploaders.WebUploader.Tests", "Util.Uploaders.WebUploader.Tests\Util.Uploaders.WebUploader.Tests.csproj", "{68902607-EA0E-4DCD-ACC6-BEC1155DB61F}"
EndProject
Project("{FAE04EC0-301F-11D3-BF4B-00C04F79EFBC}") = "05-Util.Datas.MySql", "Util.Datas.MySql\05-Util.Datas.MySql.csproj", "{1FB8B38D-78BD-40E2-9A28-D390D887FF06}"
EndProject
Project("{FAE04EC0-301F-11D3-BF4B-00C04F79EFBC}") = "Util.Webs.Mvc", "Util.Webs.Mvc\Util.Webs.Mvc.csproj", "{DCC52CFA-4C7F-4BD6-9DF3-3CDF218E11CB}"
EndProject
Project("{FAE04EC0-301F-11D3-BF4B-00C04F79EFBC}") = "Util.Webs.WebApi", "Util.Webs.WebApi\Util.Webs.WebApi.csproj", "{402A4691-3EC4-4D30-A23E-63720A872362}"
EndProject
Project("{FAE04EC0-301F-11D3-BF4B-00C04F79EFBC}") = "Util.Security.Webs", "Util.Security.Webs\Util.Security.Webs.csproj", "{4318228D-D851-4D4C-8833-40036AD52EC0}"
EndProject
Global
	GlobalSection(SolutionConfigurationPlatforms) = preSolution
		Debug|Any CPU = Debug|Any CPU
		Release|Any CPU = Release|Any CPU
	EndGlobalSection
	GlobalSection(ProjectConfigurationPlatforms) = postSolution
		{3598B7C6-FB59-4348-9C95-66FB48FFF380}.Debug|Any CPU.ActiveCfg = Debug|Any CPU
		{3598B7C6-FB59-4348-9C95-66FB48FFF380}.Debug|Any CPU.Build.0 = Debug|Any CPU
		{3598B7C6-FB59-4348-9C95-66FB48FFF380}.Release|Any CPU.ActiveCfg = Release|Any CPU
		{3598B7C6-FB59-4348-9C95-66FB48FFF380}.Release|Any CPU.Build.0 = Release|Any CPU
		{7DBE459D-5563-4DB7-AD8E-E658B867D894}.Debug|Any CPU.ActiveCfg = Debug|Any CPU
		{7DBE459D-5563-4DB7-AD8E-E658B867D894}.Debug|Any CPU.Build.0 = Debug|Any CPU
		{7DBE459D-5563-4DB7-AD8E-E658B867D894}.Release|Any CPU.ActiveCfg = Release|Any CPU
		{7DBE459D-5563-4DB7-AD8E-E658B867D894}.Release|Any CPU.Build.0 = Release|Any CPU
		{8BED3FD3-FAEA-43E3-A40D-D5EA3C1E2627}.Debug|Any CPU.ActiveCfg = Debug|Any CPU
		{8BED3FD3-FAEA-43E3-A40D-D5EA3C1E2627}.Debug|Any CPU.Build.0 = Debug|Any CPU
		{8BED3FD3-FAEA-43E3-A40D-D5EA3C1E2627}.Release|Any CPU.ActiveCfg = Release|Any CPU
		{8BED3FD3-FAEA-43E3-A40D-D5EA3C1E2627}.Release|Any CPU.Build.0 = Release|Any CPU
		{596E3149-8E08-4B6C-BA91-AC46EA224D28}.Debug|Any CPU.ActiveCfg = Debug|Any CPU
		{596E3149-8E08-4B6C-BA91-AC46EA224D28}.Debug|Any CPU.Build.0 = Debug|Any CPU
		{596E3149-8E08-4B6C-BA91-AC46EA224D28}.Release|Any CPU.ActiveCfg = Release|Any CPU
		{596E3149-8E08-4B6C-BA91-AC46EA224D28}.Release|Any CPU.Build.0 = Release|Any CPU
		{2E4DC082-B8F3-4CC1-B4B1-4F8A3A88B597}.Debug|Any CPU.ActiveCfg = Debug|Any CPU
		{2E4DC082-B8F3-4CC1-B4B1-4F8A3A88B597}.Debug|Any CPU.Build.0 = Debug|Any CPU
		{2E4DC082-B8F3-4CC1-B4B1-4F8A3A88B597}.Release|Any CPU.ActiveCfg = Release|Any CPU
		{2E4DC082-B8F3-4CC1-B4B1-4F8A3A88B597}.Release|Any CPU.Build.0 = Release|Any CPU
		{607C150B-E561-425E-A407-8768B6381331}.Debug|Any CPU.ActiveCfg = Debug|Any CPU
		{607C150B-E561-425E-A407-8768B6381331}.Debug|Any CPU.Build.0 = Debug|Any CPU
		{607C150B-E561-425E-A407-8768B6381331}.Release|Any CPU.ActiveCfg = Release|Any CPU
		{607C150B-E561-425E-A407-8768B6381331}.Release|Any CPU.Build.0 = Release|Any CPU
		{E5EE2EA8-08E5-447C-83F2-152AE05762FF}.Debug|Any CPU.ActiveCfg = Debug|Any CPU
		{E5EE2EA8-08E5-447C-83F2-152AE05762FF}.Debug|Any CPU.Build.0 = Debug|Any CPU
		{E5EE2EA8-08E5-447C-83F2-152AE05762FF}.Release|Any CPU.ActiveCfg = Release|Any CPU
		{E5EE2EA8-08E5-447C-83F2-152AE05762FF}.Release|Any CPU.Build.0 = Release|Any CPU
		{EEEA67F9-9089-481D-A4DC-0966DEC9FD7D}.Debug|Any CPU.ActiveCfg = Debug|Any CPU
		{EEEA67F9-9089-481D-A4DC-0966DEC9FD7D}.Debug|Any CPU.Build.0 = Debug|Any CPU
		{EEEA67F9-9089-481D-A4DC-0966DEC9FD7D}.Release|Any CPU.ActiveCfg = Release|Any CPU
		{EEEA67F9-9089-481D-A4DC-0966DEC9FD7D}.Release|Any CPU.Build.0 = Release|Any CPU
		{13C8DCF5-39F9-4D85-87B9-12B7968DF94E}.Debug|Any CPU.ActiveCfg = Debug|Any CPU
		{13C8DCF5-39F9-4D85-87B9-12B7968DF94E}.Debug|Any CPU.Build.0 = Debug|Any CPU
		{13C8DCF5-39F9-4D85-87B9-12B7968DF94E}.Release|Any CPU.ActiveCfg = Release|Any CPU
		{13C8DCF5-39F9-4D85-87B9-12B7968DF94E}.Release|Any CPU.Build.0 = Release|Any CPU
		{C5486D02-CC20-4515-A423-F06CD1A336AA}.Debug|Any CPU.ActiveCfg = Debug|Any CPU
		{C5486D02-CC20-4515-A423-F06CD1A336AA}.Debug|Any CPU.Build.0 = Debug|Any CPU
		{C5486D02-CC20-4515-A423-F06CD1A336AA}.Release|Any CPU.ActiveCfg = Release|Any CPU
		{C5486D02-CC20-4515-A423-F06CD1A336AA}.Release|Any CPU.Build.0 = Release|Any CPU
		{38053FE6-BD39-4958-B4B5-06A346FDC064}.Debug|Any CPU.ActiveCfg = Debug|Any CPU
		{38053FE6-BD39-4958-B4B5-06A346FDC064}.Debug|Any CPU.Build.0 = Debug|Any CPU
		{38053FE6-BD39-4958-B4B5-06A346FDC064}.Release|Any CPU.ActiveCfg = Release|Any CPU
		{38053FE6-BD39-4958-B4B5-06A346FDC064}.Release|Any CPU.Build.0 = Release|Any CPU
		{6D5DD1F8-39FE-4EEA-9F8A-A16F59135435}.Debug|Any CPU.ActiveCfg = Debug|Any CPU
		{6D5DD1F8-39FE-4EEA-9F8A-A16F59135435}.Debug|Any CPU.Build.0 = Debug|Any CPU
		{6D5DD1F8-39FE-4EEA-9F8A-A16F59135435}.Release|Any CPU.ActiveCfg = Release|Any CPU
		{6D5DD1F8-39FE-4EEA-9F8A-A16F59135435}.Release|Any CPU.Build.0 = Release|Any CPU
		{8A60AEEC-F1B0-40DB-81E0-AEEA028CAA48}.Debug|Any CPU.ActiveCfg = Debug|Any CPU
		{8A60AEEC-F1B0-40DB-81E0-AEEA028CAA48}.Debug|Any CPU.Build.0 = Debug|Any CPU
		{8A60AEEC-F1B0-40DB-81E0-AEEA028CAA48}.Release|Any CPU.ActiveCfg = Release|Any CPU
		{8A60AEEC-F1B0-40DB-81E0-AEEA028CAA48}.Release|Any CPU.Build.0 = Release|Any CPU
		{0A8612A3-BF25-4F52-B4EB-3E93436C8F59}.Debug|Any CPU.ActiveCfg = Debug|Any CPU
		{0A8612A3-BF25-4F52-B4EB-3E93436C8F59}.Debug|Any CPU.Build.0 = Debug|Any CPU
		{0A8612A3-BF25-4F52-B4EB-3E93436C8F59}.Release|Any CPU.ActiveCfg = Release|Any CPU
		{0A8612A3-BF25-4F52-B4EB-3E93436C8F59}.Release|Any CPU.Build.0 = Release|Any CPU
		{7F289284-7740-4CC2-9FCB-1747FBBC9A30}.Debug|Any CPU.ActiveCfg = Debug|Any CPU
		{7F289284-7740-4CC2-9FCB-1747FBBC9A30}.Debug|Any CPU.Build.0 = Debug|Any CPU
		{7F289284-7740-4CC2-9FCB-1747FBBC9A30}.Release|Any CPU.ActiveCfg = Release|Any CPU
		{7F289284-7740-4CC2-9FCB-1747FBBC9A30}.Release|Any CPU.Build.0 = Release|Any CPU
		{64A4E83C-B621-4A9C-8CE0-273ADDFB2A5C}.Debug|Any CPU.ActiveCfg = Debug|Any CPU
		{64A4E83C-B621-4A9C-8CE0-273ADDFB2A5C}.Debug|Any CPU.Build.0 = Debug|Any CPU
		{64A4E83C-B621-4A9C-8CE0-273ADDFB2A5C}.Release|Any CPU.ActiveCfg = Release|Any CPU
		{64A4E83C-B621-4A9C-8CE0-273ADDFB2A5C}.Release|Any CPU.Build.0 = Release|Any CPU
		{ECDBF35A-585A-40A8-8139-A68448A3119B}.Debug|Any CPU.ActiveCfg = Debug|Any CPU
		{ECDBF35A-585A-40A8-8139-A68448A3119B}.Debug|Any CPU.Build.0 = Debug|Any CPU
		{ECDBF35A-585A-40A8-8139-A68448A3119B}.Release|Any CPU.ActiveCfg = Release|Any CPU
		{ECDBF35A-585A-40A8-8139-A68448A3119B}.Release|Any CPU.Build.0 = Release|Any CPU
		{B3511358-3AB3-46C3-B747-787A1383A4E8}.Debug|Any CPU.ActiveCfg = Debug|Any CPU
		{B3511358-3AB3-46C3-B747-787A1383A4E8}.Debug|Any CPU.Build.0 = Debug|Any CPU
		{B3511358-3AB3-46C3-B747-787A1383A4E8}.Release|Any CPU.ActiveCfg = Release|Any CPU
		{B3511358-3AB3-46C3-B747-787A1383A4E8}.Release|Any CPU.Build.0 = Release|Any CPU
		{CDC1AD6E-C610-4BC4-AC3F-A4D405B48D94}.Debug|Any CPU.ActiveCfg = Debug|Any CPU
		{CDC1AD6E-C610-4BC4-AC3F-A4D405B48D94}.Debug|Any CPU.Build.0 = Debug|Any CPU
		{CDC1AD6E-C610-4BC4-AC3F-A4D405B48D94}.Release|Any CPU.ActiveCfg = Release|Any CPU
		{CDC1AD6E-C610-4BC4-AC3F-A4D405B48D94}.Release|Any CPU.Build.0 = Release|Any CPU
		{74C54B8A-CF80-4A00-806A-908F948D10E9}.Debug|Any CPU.ActiveCfg = Debug|Any CPU
		{74C54B8A-CF80-4A00-806A-908F948D10E9}.Debug|Any CPU.Build.0 = Debug|Any CPU
		{74C54B8A-CF80-4A00-806A-908F948D10E9}.Debug|Any CPU.Deploy.0 = Debug|Any CPU
		{74C54B8A-CF80-4A00-806A-908F948D10E9}.Release|Any CPU.ActiveCfg = Release|Any CPU
		{74C54B8A-CF80-4A00-806A-908F948D10E9}.Release|Any CPU.Build.0 = Release|Any CPU
		{5AE2A062-05DF-44E5-9CCA-E930AF7E3B58}.Debug|Any CPU.ActiveCfg = Debug|Any CPU
		{5AE2A062-05DF-44E5-9CCA-E930AF7E3B58}.Debug|Any CPU.Build.0 = Debug|Any CPU
		{5AE2A062-05DF-44E5-9CCA-E930AF7E3B58}.Release|Any CPU.ActiveCfg = Release|Any CPU
		{5AE2A062-05DF-44E5-9CCA-E930AF7E3B58}.Release|Any CPU.Build.0 = Release|Any CPU
		{30FE2DFE-2661-4C36-B04C-66E5995AA5F8}.Debug|Any CPU.ActiveCfg = Debug|Any CPU
		{30FE2DFE-2661-4C36-B04C-66E5995AA5F8}.Debug|Any CPU.Build.0 = Debug|Any CPU
		{30FE2DFE-2661-4C36-B04C-66E5995AA5F8}.Release|Any CPU.ActiveCfg = Release|Any CPU
		{30FE2DFE-2661-4C36-B04C-66E5995AA5F8}.Release|Any CPU.Build.0 = Release|Any CPU
		{57E5453A-A851-44E9-97FD-0D7F71505DA0}.Debug|Any CPU.ActiveCfg = Debug|Any CPU
		{57E5453A-A851-44E9-97FD-0D7F71505DA0}.Debug|Any CPU.Build.0 = Debug|Any CPU
		{57E5453A-A851-44E9-97FD-0D7F71505DA0}.Release|Any CPU.ActiveCfg = Release|Any CPU
		{57E5453A-A851-44E9-97FD-0D7F71505DA0}.Release|Any CPU.Build.0 = Release|Any CPU
		{1A0C14BE-C430-46C4-916F-54B726774D00}.Debug|Any CPU.ActiveCfg = Debug|Any CPU
		{1A0C14BE-C430-46C4-916F-54B726774D00}.Debug|Any CPU.Build.0 = Debug|Any CPU
		{1A0C14BE-C430-46C4-916F-54B726774D00}.Release|Any CPU.ActiveCfg = Release|Any CPU
		{1A0C14BE-C430-46C4-916F-54B726774D00}.Release|Any CPU.Build.0 = Release|Any CPU
		{F43F7230-2CF2-4F5D-A668-A116771A6E2C}.Debug|Any CPU.ActiveCfg = Debug|Any CPU
		{F43F7230-2CF2-4F5D-A668-A116771A6E2C}.Debug|Any CPU.Build.0 = Debug|Any CPU
		{F43F7230-2CF2-4F5D-A668-A116771A6E2C}.Release|Any CPU.ActiveCfg = Release|Any CPU
		{F43F7230-2CF2-4F5D-A668-A116771A6E2C}.Release|Any CPU.Build.0 = Release|Any CPU
		{1E9C5E64-1D98-4214-B107-96054BBC1C69}.Debug|Any CPU.ActiveCfg = Debug|Any CPU
		{1E9C5E64-1D98-4214-B107-96054BBC1C69}.Debug|Any CPU.Build.0 = Debug|Any CPU
		{1E9C5E64-1D98-4214-B107-96054BBC1C69}.Release|Any CPU.ActiveCfg = Release|Any CPU
		{1E9C5E64-1D98-4214-B107-96054BBC1C69}.Release|Any CPU.Build.0 = Release|Any CPU
		{EF0514A0-339C-4846-A3D6-5F41F3C2DC31}.Debug|Any CPU.ActiveCfg = Debug|Any CPU
		{EF0514A0-339C-4846-A3D6-5F41F3C2DC31}.Debug|Any CPU.Build.0 = Debug|Any CPU
		{EF0514A0-339C-4846-A3D6-5F41F3C2DC31}.Release|Any CPU.ActiveCfg = Release|Any CPU
		{EF0514A0-339C-4846-A3D6-5F41F3C2DC31}.Release|Any CPU.Build.0 = Release|Any CPU
		{665152B8-3187-4DD6-880F-399CA8706525}.Debug|Any CPU.ActiveCfg = Debug|Any CPU
		{665152B8-3187-4DD6-880F-399CA8706525}.Debug|Any CPU.Build.0 = Debug|Any CPU
		{665152B8-3187-4DD6-880F-399CA8706525}.Release|Any CPU.ActiveCfg = Release|Any CPU
		{665152B8-3187-4DD6-880F-399CA8706525}.Release|Any CPU.Build.0 = Release|Any CPU
		{47CD4469-A809-4AD9-9647-3DF6DD3C6F72}.Debug|Any CPU.ActiveCfg = Debug|Any CPU
		{47CD4469-A809-4AD9-9647-3DF6DD3C6F72}.Debug|Any CPU.Build.0 = Debug|Any CPU
		{47CD4469-A809-4AD9-9647-3DF6DD3C6F72}.Release|Any CPU.ActiveCfg = Release|Any CPU
		{47CD4469-A809-4AD9-9647-3DF6DD3C6F72}.Release|Any CPU.Build.0 = Release|Any CPU
		{E900666E-35D9-4BCE-9335-16E34458FD92}.Debug|Any CPU.ActiveCfg = Debug|Any CPU
		{E900666E-35D9-4BCE-9335-16E34458FD92}.Debug|Any CPU.Build.0 = Debug|Any CPU
		{E900666E-35D9-4BCE-9335-16E34458FD92}.Release|Any CPU.ActiveCfg = Release|Any CPU
		{E900666E-35D9-4BCE-9335-16E34458FD92}.Release|Any CPU.Build.0 = Release|Any CPU
		{EE2841EF-79D9-43B6-AA04-1E2EDC44B406}.Debug|Any CPU.ActiveCfg = Debug|Any CPU
		{EE2841EF-79D9-43B6-AA04-1E2EDC44B406}.Debug|Any CPU.Build.0 = Debug|Any CPU
		{EE2841EF-79D9-43B6-AA04-1E2EDC44B406}.Release|Any CPU.ActiveCfg = Release|Any CPU
		{EE2841EF-79D9-43B6-AA04-1E2EDC44B406}.Release|Any CPU.Build.0 = Release|Any CPU
		{DAB3F79D-EDFD-4D3D-98B1-89AF96FCE8BA}.Debug|Any CPU.ActiveCfg = Debug|Any CPU
		{DAB3F79D-EDFD-4D3D-98B1-89AF96FCE8BA}.Debug|Any CPU.Build.0 = Debug|Any CPU
		{DAB3F79D-EDFD-4D3D-98B1-89AF96FCE8BA}.Release|Any CPU.ActiveCfg = Release|Any CPU
		{DAB3F79D-EDFD-4D3D-98B1-89AF96FCE8BA}.Release|Any CPU.Build.0 = Release|Any CPU
		{E6B384DF-560E-40BA-902E-F810E60EC6D3}.Debug|Any CPU.ActiveCfg = Debug|Any CPU
		{E6B384DF-560E-40BA-902E-F810E60EC6D3}.Debug|Any CPU.Build.0 = Debug|Any CPU
		{E6B384DF-560E-40BA-902E-F810E60EC6D3}.Release|Any CPU.ActiveCfg = Release|Any CPU
		{E6B384DF-560E-40BA-902E-F810E60EC6D3}.Release|Any CPU.Build.0 = Release|Any CPU
		{F9572741-1C06-470A-8617-A5542E70DB17}.Debug|Any CPU.ActiveCfg = Debug|Any CPU
		{F9572741-1C06-470A-8617-A5542E70DB17}.Debug|Any CPU.Build.0 = Debug|Any CPU
		{F9572741-1C06-470A-8617-A5542E70DB17}.Release|Any CPU.ActiveCfg = Release|Any CPU
		{F9572741-1C06-470A-8617-A5542E70DB17}.Release|Any CPU.Build.0 = Release|Any CPU
		{0282B9C1-1CBA-4CBA-A5FF-543D9AB54FBA}.Debug|Any CPU.ActiveCfg = Debug|Any CPU
		{0282B9C1-1CBA-4CBA-A5FF-543D9AB54FBA}.Debug|Any CPU.Build.0 = Debug|Any CPU
		{0282B9C1-1CBA-4CBA-A5FF-543D9AB54FBA}.Release|Any CPU.ActiveCfg = Release|Any CPU
		{0282B9C1-1CBA-4CBA-A5FF-543D9AB54FBA}.Release|Any CPU.Build.0 = Release|Any CPU
		{33BA2F7C-73BE-466B-A7B7-B14D6FA81F63}.Debug|Any CPU.ActiveCfg = Debug|Any CPU
		{33BA2F7C-73BE-466B-A7B7-B14D6FA81F63}.Debug|Any CPU.Build.0 = Debug|Any CPU
		{33BA2F7C-73BE-466B-A7B7-B14D6FA81F63}.Release|Any CPU.ActiveCfg = Release|Any CPU
		{33BA2F7C-73BE-466B-A7B7-B14D6FA81F63}.Release|Any CPU.Build.0 = Release|Any CPU
		{9789A995-3A9D-47DF-BD4C-4E37080671DB}.Debug|Any CPU.ActiveCfg = Debug|Any CPU
		{9789A995-3A9D-47DF-BD4C-4E37080671DB}.Debug|Any CPU.Build.0 = Debug|Any CPU
		{9789A995-3A9D-47DF-BD4C-4E37080671DB}.Release|Any CPU.ActiveCfg = Release|Any CPU
		{9789A995-3A9D-47DF-BD4C-4E37080671DB}.Release|Any CPU.Build.0 = Release|Any CPU
		{132779CB-65BA-4F4C-96B5-5AC5A3A8CD50}.Debug|Any CPU.ActiveCfg = Debug|Any CPU
		{132779CB-65BA-4F4C-96B5-5AC5A3A8CD50}.Debug|Any CPU.Build.0 = Debug|Any CPU
		{132779CB-65BA-4F4C-96B5-5AC5A3A8CD50}.Release|Any CPU.ActiveCfg = Release|Any CPU
		{132779CB-65BA-4F4C-96B5-5AC5A3A8CD50}.Release|Any CPU.Build.0 = Release|Any CPU
		{4B2208D0-7974-474D-98CC-A1F294B7883A}.Debug|Any CPU.ActiveCfg = Debug|Any CPU
		{4B2208D0-7974-474D-98CC-A1F294B7883A}.Debug|Any CPU.Build.0 = Debug|Any CPU
		{4B2208D0-7974-474D-98CC-A1F294B7883A}.Release|Any CPU.ActiveCfg = Release|Any CPU
		{4B2208D0-7974-474D-98CC-A1F294B7883A}.Release|Any CPU.Build.0 = Release|Any CPU
		{68902607-EA0E-4DCD-ACC6-BEC1155DB61F}.Debug|Any CPU.ActiveCfg = Debug|Any CPU
		{68902607-EA0E-4DCD-ACC6-BEC1155DB61F}.Debug|Any CPU.Build.0 = Debug|Any CPU
		{68902607-EA0E-4DCD-ACC6-BEC1155DB61F}.Release|Any CPU.ActiveCfg = Release|Any CPU
		{68902607-EA0E-4DCD-ACC6-BEC1155DB61F}.Release|Any CPU.Build.0 = Release|Any CPU
		{1FB8B38D-78BD-40E2-9A28-D390D887FF06}.Debug|Any CPU.ActiveCfg = Debug|Any CPU
		{1FB8B38D-78BD-40E2-9A28-D390D887FF06}.Debug|Any CPU.Build.0 = Debug|Any CPU
		{1FB8B38D-78BD-40E2-9A28-D390D887FF06}.Release|Any CPU.ActiveCfg = Release|Any CPU
		{1FB8B38D-78BD-40E2-9A28-D390D887FF06}.Release|Any CPU.Build.0 = Release|Any CPU
		{DCC52CFA-4C7F-4BD6-9DF3-3CDF218E11CB}.Debug|Any CPU.ActiveCfg = Debug|Any CPU
		{DCC52CFA-4C7F-4BD6-9DF3-3CDF218E11CB}.Debug|Any CPU.Build.0 = Debug|Any CPU
		{DCC52CFA-4C7F-4BD6-9DF3-3CDF218E11CB}.Release|Any CPU.ActiveCfg = Release|Any CPU
		{DCC52CFA-4C7F-4BD6-9DF3-3CDF218E11CB}.Release|Any CPU.Build.0 = Release|Any CPU
		{402A4691-3EC4-4D30-A23E-63720A872362}.Debug|Any CPU.ActiveCfg = Debug|Any CPU
		{402A4691-3EC4-4D30-A23E-63720A872362}.Release|Any CPU.ActiveCfg = Release|Any CPU
		{402A4691-3EC4-4D30-A23E-63720A872362}.Release|Any CPU.Build.0 = Release|Any CPU
		{4318228D-D851-4D4C-8833-40036AD52EC0}.Debug|Any CPU.ActiveCfg = Debug|Any CPU
		{4318228D-D851-4D4C-8833-40036AD52EC0}.Debug|Any CPU.Build.0 = Debug|Any CPU
		{4318228D-D851-4D4C-8833-40036AD52EC0}.Release|Any CPU.ActiveCfg = Release|Any CPU
		{4318228D-D851-4D4C-8833-40036AD52EC0}.Release|Any CPU.Build.0 = Release|Any CPU
	EndGlobalSection
	GlobalSection(SolutionProperties) = preSolution
		HideSolutionNode = FALSE
	EndGlobalSection
	GlobalSection(NestedProjects) = preSolution
		{3598B7C6-FB59-4348-9C95-66FB48FFF380} = {D711C35F-710D-481C-B60C-C70D22F019D3}
		{57CCE9E1-D9BD-4853-B64D-DCAA5B93005B} = {E62A5474-835F-4F3F-97BE-79DABF57FC52}
		{7DBE459D-5563-4DB7-AD8E-E658B867D894} = {4B719A8A-1264-4ACE-9605-B0E75460FAB2}
		{8BED3FD3-FAEA-43E3-A40D-D5EA3C1E2627} = {4B719A8A-1264-4ACE-9605-B0E75460FAB2}
		{596E3149-8E08-4B6C-BA91-AC46EA224D28} = {4B719A8A-1264-4ACE-9605-B0E75460FAB2}
		{2F0A67DA-6361-4213-BA2F-B3AC1ED86C50} = {E62A5474-835F-4F3F-97BE-79DABF57FC52}
		{2E4DC082-B8F3-4CC1-B4B1-4F8A3A88B597} = {02FDC3A7-3548-43BE-B088-11A9A4129260}
		{24810098-21C7-440A-AC76-38CD365CC8C8} = {57CCE9E1-D9BD-4853-B64D-DCAA5B93005B}
		{0C12AA8F-D122-4BFD-B396-AAF57A5895EE} = {57CCE9E1-D9BD-4853-B64D-DCAA5B93005B}
		{607C150B-E561-425E-A407-8768B6381331} = {E7184990-5B53-418A-9719-3D263F363AD6}
		{E5EE2EA8-08E5-447C-83F2-152AE05762FF} = {E7184990-5B53-418A-9719-3D263F363AD6}
		{9E58AE6C-88DB-4EE5-80F5-BE2561242A55} = {57CCE9E1-D9BD-4853-B64D-DCAA5B93005B}
		{EEEA67F9-9089-481D-A4DC-0966DEC9FD7D} = {4BF12E57-A59E-4EC1-A183-08C56D618165}
		{13C8DCF5-39F9-4D85-87B9-12B7968DF94E} = {095A65A9-841C-4B7F-BC2F-9E588C670314}
		{C5486D02-CC20-4515-A423-F06CD1A336AA} = {9E58AE6C-88DB-4EE5-80F5-BE2561242A55}
		{38053FE6-BD39-4958-B4B5-06A346FDC064} = {24810098-21C7-440A-AC76-38CD365CC8C8}
		{6D5DD1F8-39FE-4EEA-9F8A-A16F59135435} = {24810098-21C7-440A-AC76-38CD365CC8C8}
		{8A60AEEC-F1B0-40DB-81E0-AEEA028CAA48} = {24810098-21C7-440A-AC76-38CD365CC8C8}
		{0A8612A3-BF25-4F52-B4EB-3E93436C8F59} = {2F0A67DA-6361-4213-BA2F-B3AC1ED86C50}
		{7F289284-7740-4CC2-9FCB-1747FBBC9A30} = {2F0A67DA-6361-4213-BA2F-B3AC1ED86C50}
		{64A4E83C-B621-4A9C-8CE0-273ADDFB2A5C} = {1A693938-5488-40E5-81BE-D21526F74D5E}
		{65993DFB-E13F-45DB-86FC-94B1E7F6D469} = {57CCE9E1-D9BD-4853-B64D-DCAA5B93005B}
		{ECDBF35A-585A-40A8-8139-A68448A3119B} = {65993DFB-E13F-45DB-86FC-94B1E7F6D469}
		{B3511358-3AB3-46C3-B747-787A1383A4E8} = {04389B28-5300-4902-A6E6-62B90E6B8BEC}
		{CDC1AD6E-C610-4BC4-AC3F-A4D405B48D94} = {4230754D-60BE-4419-A209-C6117E8410A5}
		{74C54B8A-CF80-4A00-806A-908F948D10E9} = {93D4A92B-D485-41B1-A1C7-C60B919EF7D4}
		{5AE2A062-05DF-44E5-9CCA-E930AF7E3B58} = {65993DFB-E13F-45DB-86FC-94B1E7F6D469}
		{30FE2DFE-2661-4C36-B04C-66E5995AA5F8} = {93D4A92B-D485-41B1-A1C7-C60B919EF7D4}
		{57E5453A-A851-44E9-97FD-0D7F71505DA0} = {448BFFFA-7DDB-4AAD-A36D-96678B6DE32C}
		{1A0C14BE-C430-46C4-916F-54B726774D00} = {F989DB75-297E-41C9-B499-2E97E9A2FC27}
		{F43F7230-2CF2-4F5D-A668-A116771A6E2C} = {F989DB75-297E-41C9-B499-2E97E9A2FC27}
		{1E9C5E64-1D98-4214-B107-96054BBC1C69} = {F989DB75-297E-41C9-B499-2E97E9A2FC27}
		{EF0514A0-339C-4846-A3D6-5F41F3C2DC31} = {F989DB75-297E-41C9-B499-2E97E9A2FC27}
		{B4771A4B-2F1D-4D28-9C8A-152119793148} = {57CCE9E1-D9BD-4853-B64D-DCAA5B93005B}
		{665152B8-3187-4DD6-880F-399CA8706525} = {B4771A4B-2F1D-4D28-9C8A-152119793148}
		{47CD4469-A809-4AD9-9647-3DF6DD3C6F72} = {2F0A67DA-6361-4213-BA2F-B3AC1ED86C50}
		{E900666E-35D9-4BCE-9335-16E34458FD92} = {D3CA83FC-F4B4-44AE-BB11-4B4E6734DF1A}
		{EE2841EF-79D9-43B6-AA04-1E2EDC44B406} = {D3CA83FC-F4B4-44AE-BB11-4B4E6734DF1A}
		{DAB3F79D-EDFD-4D3D-98B1-89AF96FCE8BA} = {D3CA83FC-F4B4-44AE-BB11-4B4E6734DF1A}
		{BD85F1B7-F7B4-45F2-8DA8-AA3CC24F4B6B} = {57CCE9E1-D9BD-4853-B64D-DCAA5B93005B}
		{E6B384DF-560E-40BA-902E-F810E60EC6D3} = {BD85F1B7-F7B4-45F2-8DA8-AA3CC24F4B6B}
		{F9572741-1C06-470A-8617-A5542E70DB17} = {BD85F1B7-F7B4-45F2-8DA8-AA3CC24F4B6B}
		{0282B9C1-1CBA-4CBA-A5FF-543D9AB54FBA} = {BD85F1B7-F7B4-45F2-8DA8-AA3CC24F4B6B}
		{33BA2F7C-73BE-466B-A7B7-B14D6FA81F63} = {0C12AA8F-D122-4BFD-B396-AAF57A5895EE}
		{9789A995-3A9D-47DF-BD4C-4E37080671DB} = {0C12AA8F-D122-4BFD-B396-AAF57A5895EE}
		{76F38716-3C35-4572-8995-C8ABB689BC48} = {57CCE9E1-D9BD-4853-B64D-DCAA5B93005B}
		{132779CB-65BA-4F4C-96B5-5AC5A3A8CD50} = {76F38716-3C35-4572-8995-C8ABB689BC48}
		{4B2208D0-7974-474D-98CC-A1F294B7883A} = {C16F7EFC-B9B9-4C4F-9EB4-26F8A3609FD4}
		{3A814740-2062-496C-9C0F-45AACD1C9434} = {57CCE9E1-D9BD-4853-B64D-DCAA5B93005B}
		{68902607-EA0E-4DCD-ACC6-BEC1155DB61F} = {3A814740-2062-496C-9C0F-45AACD1C9434}
		{1FB8B38D-78BD-40E2-9A28-D390D887FF06} = {F989DB75-297E-41C9-B499-2E97E9A2FC27}
		{DCC52CFA-4C7F-4BD6-9DF3-3CDF218E11CB} = {D3CA83FC-F4B4-44AE-BB11-4B4E6734DF1A}
		{402A4691-3EC4-4D30-A23E-63720A872362} = {D3CA83FC-F4B4-44AE-BB11-4B4E6734DF1A}
		{4318228D-D851-4D4C-8833-40036AD52EC0} = {1A693938-5488-40E5-81BE-D21526F74D5E}
	EndGlobalSection
EndGlobal
